// !$*UTF8*$!
{
	archiveVersion = 1;
	classes = {
	};
	objectVersion = 55;
	objects = {

/* Begin PBXBuildFile section */
		630582C027861CC20044399A /* WorkoutCardTableViewCell.swift in Sources */ = {isa = PBXBuildFile; fileRef = 630582BF27861CC20044399A /* WorkoutCardTableViewCell.swift */; };
		630582C227861D740044399A /* WorkoutLogVM.swift in Sources */ = {isa = PBXBuildFile; fileRef = 630582C127861D740044399A /* WorkoutLogVM.swift */; };
		630582C427862A180044399A /* CellId.swift in Sources */ = {isa = PBXBuildFile; fileRef = 630582C327862A180044399A /* CellId.swift */; };
		630582C6278632CD0044399A /* WorkoutPlanVC.swift in Sources */ = {isa = PBXBuildFile; fileRef = 630582C5278632CD0044399A /* WorkoutPlanVC.swift */; };
		630582CA278649590044399A /* HomeVM.swift in Sources */ = {isa = PBXBuildFile; fileRef = 630582C9278649590044399A /* HomeVM.swift */; };
		630582CD27865FE00044399A /* ExerciseTableViewCell.swift in Sources */ = {isa = PBXBuildFile; fileRef = 630582CC27865FE00044399A /* ExerciseTableViewCell.swift */; };
		636CE251278508C400BB5664 /* WorkoutCardVM.swift in Sources */ = {isa = PBXBuildFile; fileRef = 636CE250278508C400BB5664 /* WorkoutCardVM.swift */; };
		636CE254278509B700BB5664 /* LargeCalendarView.swift in Sources */ = {isa = PBXBuildFile; fileRef = 636CE253278509B700BB5664 /* LargeCalendarView.swift */; };
		636CE25627851C1300BB5664 /* WorkoutCardView.swift in Sources */ = {isa = PBXBuildFile; fileRef = 636CE25527851C1300BB5664 /* WorkoutCardView.swift */; };
		636CE25827851D2900BB5664 /* FPWeekButton.swift in Sources */ = {isa = PBXBuildFile; fileRef = 636CE25727851D2900BB5664 /* FPWeekButton.swift */; };
		63B21DA42784C5D800E5DCE9 /* AppDelegate.swift in Sources */ = {isa = PBXBuildFile; fileRef = 63B21DA32784C5D800E5DCE9 /* AppDelegate.swift */; };
		63B21DA62784C5D800E5DCE9 /* SceneDelegate.swift in Sources */ = {isa = PBXBuildFile; fileRef = 63B21DA52784C5D800E5DCE9 /* SceneDelegate.swift */; };
		63B21DA82784C5D800E5DCE9 /* HomeVC.swift in Sources */ = {isa = PBXBuildFile; fileRef = 63B21DA72784C5D800E5DCE9 /* HomeVC.swift */; };
		63B21DAE2784C5D800E5DCE9 /* FitPlanner.xcdatamodeld in Sources */ = {isa = PBXBuildFile; fileRef = 63B21DAC2784C5D800E5DCE9 /* FitPlanner.xcdatamodeld */; };
		63B21DB02784C5DA00E5DCE9 /* Assets.xcassets in Resources */ = {isa = PBXBuildFile; fileRef = 63B21DAF2784C5DA00E5DCE9 /* Assets.xcassets */; };
		63B21DB32784C5DA00E5DCE9 /* LaunchScreen.storyboard in Resources */ = {isa = PBXBuildFile; fileRef = 63B21DB12784C5DA00E5DCE9 /* LaunchScreen.storyboard */; };
		63B21DBE2784C5DB00E5DCE9 /* FitPlannerTests.swift in Sources */ = {isa = PBXBuildFile; fileRef = 63B21DBD2784C5DB00E5DCE9 /* FitPlannerTests.swift */; };
		63B21DC82784C5DB00E5DCE9 /* FitPlannerUITests.swift in Sources */ = {isa = PBXBuildFile; fileRef = 63B21DC72784C5DB00E5DCE9 /* FitPlannerUITests.swift */; };
		63B21DCA2784C5DB00E5DCE9 /* FitPlannerUITestsLaunchTests.swift in Sources */ = {isa = PBXBuildFile; fileRef = 63B21DC92784C5DB00E5DCE9 /* FitPlannerUITestsLaunchTests.swift */; };
		63B21DDE2784C92C00E5DCE9 /* WorkoutLogVC.swift in Sources */ = {isa = PBXBuildFile; fileRef = 63B21DDD2784C92C00E5DCE9 /* WorkoutLogVC.swift */; };
		63B21DE02784C98D00E5DCE9 /* CoreDataStack.swift in Sources */ = {isa = PBXBuildFile; fileRef = 63B21DDF2784C98D00E5DCE9 /* CoreDataStack.swift */; };
		63B21DE22784CB3500E5DCE9 /* TabBarController.swift in Sources */ = {isa = PBXBuildFile; fileRef = 63B21DE12784CB3500E5DCE9 /* TabBarController.swift */; };
		63B21DE42784CC5500E5DCE9 /* ProfileVC.swift in Sources */ = {isa = PBXBuildFile; fileRef = 63B21DE32784CC5500E5DCE9 /* ProfileVC.swift */; };
		63B21DE82784D69800E5DCE9 /* Router.swift in Sources */ = {isa = PBXBuildFile; fileRef = 63B21DE72784D69800E5DCE9 /* Router.swift */; };
		63B21DEA2784D6BE00E5DCE9 /* GetStartedVC.swift in Sources */ = {isa = PBXBuildFile; fileRef = 63B21DE92784D6BE00E5DCE9 /* GetStartedVC.swift */; };
		63B21DED2784D70F00E5DCE9 /* UIColor-ext.swift in Sources */ = {isa = PBXBuildFile; fileRef = 63B21DEC2784D70F00E5DCE9 /* UIColor-ext.swift */; };
		63B21DEF2784DB9200E5DCE9 /* UIView-autolayout.swift in Sources */ = {isa = PBXBuildFile; fileRef = 63B21DEE2784DB9200E5DCE9 /* UIView-autolayout.swift */; };
		63B21DF12784DC3B00E5DCE9 /* FPLabel.swift in Sources */ = {isa = PBXBuildFile; fileRef = 63B21DF02784DC3B00E5DCE9 /* FPLabel.swift */; };
		63B21DF32784DD2700E5DCE9 /* FPTextField.swift in Sources */ = {isa = PBXBuildFile; fileRef = 63B21DF22784DD2700E5DCE9 /* FPTextField.swift */; };
		63B21DF72784DF7D00E5DCE9 /* InputContainerView.swift in Sources */ = {isa = PBXBuildFile; fileRef = 63B21DF62784DF7D00E5DCE9 /* InputContainerView.swift */; };
		63B21DF92784DFD700E5DCE9 /* FPBackground.swift in Sources */ = {isa = PBXBuildFile; fileRef = 63B21DF82784DFD700E5DCE9 /* FPBackground.swift */; };
		63B21DFB2784E3DA00E5DCE9 /* UIView-ext.swift in Sources */ = {isa = PBXBuildFile; fileRef = 63B21DFA2784E3DA00E5DCE9 /* UIView-ext.swift */; };
		63B21DFD2784E71A00E5DCE9 /* FPButton.swift in Sources */ = {isa = PBXBuildFile; fileRef = 63B21DFC2784E71A00E5DCE9 /* FPButton.swift */; };
		63B21DFF2784F00600E5DCE9 /* NextWorkoutCard.swift in Sources */ = {isa = PBXBuildFile; fileRef = 63B21DFE2784F00600E5DCE9 /* NextWorkoutCard.swift */; };
		63B21E012784FB8A00E5DCE9 /* ScreenSize.swift in Sources */ = {isa = PBXBuildFile; fileRef = 63B21E002784FB8A00E5DCE9 /* ScreenSize.swift */; };
		863B1A4C3DD9E776E043DB9B /* Pods_FitPlanner.framework in Frameworks */ = {isa = PBXBuildFile; fileRef = 095E14D88B41FD316F26C005 /* Pods_FitPlanner.framework */; };
/* End PBXBuildFile section */

/* Begin PBXContainerItemProxy section */
		63B21DBA2784C5DB00E5DCE9 /* PBXContainerItemProxy */ = {
			isa = PBXContainerItemProxy;
			containerPortal = 63B21D982784C5D800E5DCE9 /* Project object */;
			proxyType = 1;
			remoteGlobalIDString = 63B21D9F2784C5D800E5DCE9;
			remoteInfo = FitPlanner;
		};
		63B21DC42784C5DB00E5DCE9 /* PBXContainerItemProxy */ = {
			isa = PBXContainerItemProxy;
			containerPortal = 63B21D982784C5D800E5DCE9 /* Project object */;
			proxyType = 1;
			remoteGlobalIDString = 63B21D9F2784C5D800E5DCE9;
			remoteInfo = FitPlanner;
		};
/* End PBXContainerItemProxy section */

/* Begin PBXFileReference section */
		095E14D88B41FD316F26C005 /* Pods_FitPlanner.framework */ = {isa = PBXFileReference; explicitFileType = wrapper.framework; includeInIndex = 0; path = Pods_FitPlanner.framework; sourceTree = BUILT_PRODUCTS_DIR; };
		51EAFFE8186BBC32A3F45494 /* Pods-FitPlanner.release.xcconfig */ = {isa = PBXFileReference; includeInIndex = 1; lastKnownFileType = text.xcconfig; name = "Pods-FitPlanner.release.xcconfig"; path = "Target Support Files/Pods-FitPlanner/Pods-FitPlanner.release.xcconfig"; sourceTree = "<group>"; };
		630582BF27861CC20044399A /* WorkoutCardTableViewCell.swift */ = {isa = PBXFileReference; lastKnownFileType = sourcecode.swift; path = WorkoutCardTableViewCell.swift; sourceTree = "<group>"; };
		630582C127861D740044399A /* WorkoutLogVM.swift */ = {isa = PBXFileReference; lastKnownFileType = sourcecode.swift; path = WorkoutLogVM.swift; sourceTree = "<group>"; };
		630582C327862A180044399A /* CellId.swift */ = {isa = PBXFileReference; lastKnownFileType = sourcecode.swift; path = CellId.swift; sourceTree = "<group>"; };
		630582C5278632CD0044399A /* WorkoutPlanVC.swift */ = {isa = PBXFileReference; lastKnownFileType = sourcecode.swift; path = WorkoutPlanVC.swift; sourceTree = "<group>"; };
		630582C9278649590044399A /* HomeVM.swift */ = {isa = PBXFileReference; lastKnownFileType = sourcecode.swift; path = HomeVM.swift; sourceTree = "<group>"; };
		630582CC27865FE00044399A /* ExerciseTableViewCell.swift */ = {isa = PBXFileReference; lastKnownFileType = sourcecode.swift; path = ExerciseTableViewCell.swift; sourceTree = "<group>"; };
		636CE250278508C400BB5664 /* WorkoutCardVM.swift */ = {isa = PBXFileReference; lastKnownFileType = sourcecode.swift; path = WorkoutCardVM.swift; sourceTree = "<group>"; };
		636CE253278509B700BB5664 /* LargeCalendarView.swift */ = {isa = PBXFileReference; lastKnownFileType = sourcecode.swift; path = LargeCalendarView.swift; sourceTree = "<group>"; };
		636CE25527851C1300BB5664 /* WorkoutCardView.swift */ = {isa = PBXFileReference; lastKnownFileType = sourcecode.swift; path = WorkoutCardView.swift; sourceTree = "<group>"; };
		636CE25727851D2900BB5664 /* FPWeekButton.swift */ = {isa = PBXFileReference; lastKnownFileType = sourcecode.swift; path = FPWeekButton.swift; sourceTree = "<group>"; };
		63B21DA02784C5D800E5DCE9 /* FitPlanner.app */ = {isa = PBXFileReference; explicitFileType = wrapper.application; includeInIndex = 0; path = FitPlanner.app; sourceTree = BUILT_PRODUCTS_DIR; };
		63B21DA32784C5D800E5DCE9 /* AppDelegate.swift */ = {isa = PBXFileReference; lastKnownFileType = sourcecode.swift; path = AppDelegate.swift; sourceTree = "<group>"; };
		63B21DA52784C5D800E5DCE9 /* SceneDelegate.swift */ = {isa = PBXFileReference; lastKnownFileType = sourcecode.swift; path = SceneDelegate.swift; sourceTree = "<group>"; };
		63B21DA72784C5D800E5DCE9 /* HomeVC.swift */ = {isa = PBXFileReference; lastKnownFileType = sourcecode.swift; path = HomeVC.swift; sourceTree = "<group>"; };
		63B21DAD2784C5D800E5DCE9 /* FitPlanner.xcdatamodel */ = {isa = PBXFileReference; lastKnownFileType = wrapper.xcdatamodel; path = FitPlanner.xcdatamodel; sourceTree = "<group>"; };
		63B21DAF2784C5DA00E5DCE9 /* Assets.xcassets */ = {isa = PBXFileReference; lastKnownFileType = folder.assetcatalog; path = Assets.xcassets; sourceTree = "<group>"; };
		63B21DB22784C5DA00E5DCE9 /* Base */ = {isa = PBXFileReference; lastKnownFileType = file.storyboard; name = Base; path = Base.lproj/LaunchScreen.storyboard; sourceTree = "<group>"; };
		63B21DB42784C5DA00E5DCE9 /* Info.plist */ = {isa = PBXFileReference; lastKnownFileType = text.plist.xml; path = Info.plist; sourceTree = "<group>"; };
		63B21DB92784C5DB00E5DCE9 /* FitPlannerTests.xctest */ = {isa = PBXFileReference; explicitFileType = wrapper.cfbundle; includeInIndex = 0; path = FitPlannerTests.xctest; sourceTree = BUILT_PRODUCTS_DIR; };
		63B21DBD2784C5DB00E5DCE9 /* FitPlannerTests.swift */ = {isa = PBXFileReference; lastKnownFileType = sourcecode.swift; path = FitPlannerTests.swift; sourceTree = "<group>"; };
		63B21DC32784C5DB00E5DCE9 /* FitPlannerUITests.xctest */ = {isa = PBXFileReference; explicitFileType = wrapper.cfbundle; includeInIndex = 0; path = FitPlannerUITests.xctest; sourceTree = BUILT_PRODUCTS_DIR; };
		63B21DC72784C5DB00E5DCE9 /* FitPlannerUITests.swift */ = {isa = PBXFileReference; lastKnownFileType = sourcecode.swift; path = FitPlannerUITests.swift; sourceTree = "<group>"; };
		63B21DC92784C5DB00E5DCE9 /* FitPlannerUITestsLaunchTests.swift */ = {isa = PBXFileReference; lastKnownFileType = sourcecode.swift; path = FitPlannerUITestsLaunchTests.swift; sourceTree = "<group>"; };
		63B21DDD2784C92C00E5DCE9 /* WorkoutLogVC.swift */ = {isa = PBXFileReference; lastKnownFileType = sourcecode.swift; path = WorkoutLogVC.swift; sourceTree = "<group>"; };
		63B21DDF2784C98D00E5DCE9 /* CoreDataStack.swift */ = {isa = PBXFileReference; lastKnownFileType = sourcecode.swift; path = CoreDataStack.swift; sourceTree = "<group>"; };
		63B21DE12784CB3500E5DCE9 /* TabBarController.swift */ = {isa = PBXFileReference; lastKnownFileType = sourcecode.swift; path = TabBarController.swift; sourceTree = "<group>"; };
		63B21DE32784CC5500E5DCE9 /* ProfileVC.swift */ = {isa = PBXFileReference; lastKnownFileType = sourcecode.swift; path = ProfileVC.swift; sourceTree = "<group>"; };
		63B21DE72784D69800E5DCE9 /* Router.swift */ = {isa = PBXFileReference; lastKnownFileType = sourcecode.swift; path = Router.swift; sourceTree = "<group>"; };
		63B21DE92784D6BE00E5DCE9 /* GetStartedVC.swift */ = {isa = PBXFileReference; lastKnownFileType = sourcecode.swift; path = GetStartedVC.swift; sourceTree = "<group>"; };
		63B21DEC2784D70F00E5DCE9 /* UIColor-ext.swift */ = {isa = PBXFileReference; lastKnownFileType = sourcecode.swift; path = "UIColor-ext.swift"; sourceTree = "<group>"; };
		63B21DEE2784DB9200E5DCE9 /* UIView-autolayout.swift */ = {isa = PBXFileReference; lastKnownFileType = sourcecode.swift; path = "UIView-autolayout.swift"; sourceTree = "<group>"; };
		63B21DF02784DC3B00E5DCE9 /* FPLabel.swift */ = {isa = PBXFileReference; lastKnownFileType = sourcecode.swift; path = FPLabel.swift; sourceTree = "<group>"; };
		63B21DF22784DD2700E5DCE9 /* FPTextField.swift */ = {isa = PBXFileReference; lastKnownFileType = sourcecode.swift; path = FPTextField.swift; sourceTree = "<group>"; };
		63B21DF62784DF7D00E5DCE9 /* InputContainerView.swift */ = {isa = PBXFileReference; lastKnownFileType = sourcecode.swift; path = InputContainerView.swift; sourceTree = "<group>"; };
		63B21DF82784DFD700E5DCE9 /* FPBackground.swift */ = {isa = PBXFileReference; lastKnownFileType = sourcecode.swift; path = FPBackground.swift; sourceTree = "<group>"; };
		63B21DFA2784E3DA00E5DCE9 /* UIView-ext.swift */ = {isa = PBXFileReference; lastKnownFileType = sourcecode.swift; path = "UIView-ext.swift"; sourceTree = "<group>"; };
		63B21DFC2784E71A00E5DCE9 /* FPButton.swift */ = {isa = PBXFileReference; lastKnownFileType = sourcecode.swift; path = FPButton.swift; sourceTree = "<group>"; };
		63B21DFE2784F00600E5DCE9 /* NextWorkoutCard.swift */ = {isa = PBXFileReference; lastKnownFileType = sourcecode.swift; path = NextWorkoutCard.swift; sourceTree = "<group>"; };
		63B21E002784FB8A00E5DCE9 /* ScreenSize.swift */ = {isa = PBXFileReference; lastKnownFileType = sourcecode.swift; path = ScreenSize.swift; sourceTree = "<group>"; };
		800B54CB5EBAA63B1536A4A6 /* Pods-FitPlanner.debug.xcconfig */ = {isa = PBXFileReference; includeInIndex = 1; lastKnownFileType = text.xcconfig; name = "Pods-FitPlanner.debug.xcconfig"; path = "Target Support Files/Pods-FitPlanner/Pods-FitPlanner.debug.xcconfig"; sourceTree = "<group>"; };
/* End PBXFileReference section */

/* Begin PBXFrameworksBuildPhase section */
		63B21D9D2784C5D800E5DCE9 /* Frameworks */ = {
			isa = PBXFrameworksBuildPhase;
			buildActionMask = 2147483647;
			files = (
				863B1A4C3DD9E776E043DB9B /* Pods_FitPlanner.framework in Frameworks */,
			);
			runOnlyForDeploymentPostprocessing = 0;
		};
		63B21DB62784C5DB00E5DCE9 /* Frameworks */ = {
			isa = PBXFrameworksBuildPhase;
			buildActionMask = 2147483647;
			files = (
			);
			runOnlyForDeploymentPostprocessing = 0;
		};
		63B21DC02784C5DB00E5DCE9 /* Frameworks */ = {
			isa = PBXFrameworksBuildPhase;
			buildActionMask = 2147483647;
			files = (
			);
			runOnlyForDeploymentPostprocessing = 0;
		};
/* End PBXFrameworksBuildPhase section */

/* Begin PBXGroup section */
		630582C72786441C0044399A /* For Views */ = {
			isa = PBXGroup;
			children = (
				636CE250278508C400BB5664 /* WorkoutCardVM.swift */,
			);
			path = "For Views";
			sourceTree = "<group>";
		};
		630582C8278644310044399A /* For Controllers */ = {
			isa = PBXGroup;
			children = (
				630582C9278649590044399A /* HomeVM.swift */,
				630582C127861D740044399A /* WorkoutLogVM.swift */,
			);
			path = "For Controllers";
			sourceTree = "<group>";
		};
		630582CB27864A100044399A /* TableView Cells */ = {
			isa = PBXGroup;
			children = (
				630582BF27861CC20044399A /* WorkoutCardTableViewCell.swift */,
				630582CC27865FE00044399A /* ExerciseTableViewCell.swift */,
			);
			path = "TableView Cells";
			sourceTree = "<group>";
		};
		636CE24F278508A200BB5664 /* ViewModel */ = {
			isa = PBXGroup;
			children = (
				630582C72786441C0044399A /* For Views */,
				630582C8278644310044399A /* For Controllers */,
			);
			path = ViewModel;
			sourceTree = "<group>";
		};
		636CE2522785099100BB5664 /* Calendar Views */ = {
			isa = PBXGroup;
			children = (
				636CE253278509B700BB5664 /* LargeCalendarView.swift */,
			);
			path = "Calendar Views";
			sourceTree = "<group>";
		};
		63B21D972784C5D800E5DCE9 = {
			isa = PBXGroup;
			children = (
				63B21DA22784C5D800E5DCE9 /* FitPlanner */,
				63B21DBC2784C5DB00E5DCE9 /* FitPlannerTests */,
				63B21DC62784C5DB00E5DCE9 /* FitPlannerUITests */,
				63B21DA12784C5D800E5DCE9 /* Products */,
				EE071AD32DD3645E3329E426 /* Pods */,
				708B87A3BFAE443449752F82 /* Frameworks */,
			);
			sourceTree = "<group>";
		};
		63B21DA12784C5D800E5DCE9 /* Products */ = {
			isa = PBXGroup;
			children = (
				63B21DA02784C5D800E5DCE9 /* FitPlanner.app */,
				63B21DB92784C5DB00E5DCE9 /* FitPlannerTests.xctest */,
				63B21DC32784C5DB00E5DCE9 /* FitPlannerUITests.xctest */,
			);
			name = Products;
			sourceTree = "<group>";
		};
		63B21DA22784C5D800E5DCE9 /* FitPlanner */ = {
			isa = PBXGroup;
			children = (
				63B21DD62784C81300E5DCE9 /* Setup */,
				63B21DD72784C83700E5DCE9 /* Resources */,
				63B21DE52784D1D100E5DCE9 /* AppModules */,
				63B21DE62784D23D00E5DCE9 /* Helpers */,
			);
			path = FitPlanner;
			sourceTree = "<group>";
		};
		63B21DBC2784C5DB00E5DCE9 /* FitPlannerTests */ = {
			isa = PBXGroup;
			children = (
				63B21DBD2784C5DB00E5DCE9 /* FitPlannerTests.swift */,
			);
			path = FitPlannerTests;
			sourceTree = "<group>";
		};
		63B21DC62784C5DB00E5DCE9 /* FitPlannerUITests */ = {
			isa = PBXGroup;
			children = (
				63B21DC72784C5DB00E5DCE9 /* FitPlannerUITests.swift */,
				63B21DC92784C5DB00E5DCE9 /* FitPlannerUITestsLaunchTests.swift */,
			);
			path = FitPlannerUITests;
			sourceTree = "<group>";
		};
		63B21DD62784C81300E5DCE9 /* Setup */ = {
			isa = PBXGroup;
			children = (
				63B21DA32784C5D800E5DCE9 /* AppDelegate.swift */,
				63B21DA52784C5D800E5DCE9 /* SceneDelegate.swift */,
			);
			path = Setup;
			sourceTree = "<group>";
		};
		63B21DD72784C83700E5DCE9 /* Resources */ = {
			isa = PBXGroup;
			children = (
				63B21DAF2784C5DA00E5DCE9 /* Assets.xcassets */,
				63B21DB12784C5DA00E5DCE9 /* LaunchScreen.storyboard */,
				63B21DB42784C5DA00E5DCE9 /* Info.plist */,
			);
			path = Resources;
			sourceTree = "<group>";
		};
		63B21DD82784C85C00E5DCE9 /* CoreDada */ = {
			isa = PBXGroup;
			children = (
				63B21DAC2784C5D800E5DCE9 /* FitPlanner.xcdatamodeld */,
				63B21DDF2784C98D00E5DCE9 /* CoreDataStack.swift */,
			);
			path = CoreDada;
			sourceTree = "<group>";
		};
		63B21DD92784C86C00E5DCE9 /* View */ = {
			isa = PBXGroup;
			children = (
				63B21DF42784DE6400E5DCE9 /* Universal */,
				63B21DF52784DE7200E5DCE9 /* Container Views */,
				636CE2522785099100BB5664 /* Calendar Views */,
				630582CB27864A100044399A /* TableView Cells */,
			);
			path = View;
			sourceTree = "<group>";
		};
		63B21DDA2784C88200E5DCE9 /* Controller */ = {
			isa = PBXGroup;
			children = (
				63B21DE92784D6BE00E5DCE9 /* GetStartedVC.swift */,
				63B21DA72784C5D800E5DCE9 /* HomeVC.swift */,
				63B21DDD2784C92C00E5DCE9 /* WorkoutLogVC.swift */,
				63B21DE32784CC5500E5DCE9 /* ProfileVC.swift */,
				630582C5278632CD0044399A /* WorkoutPlanVC.swift */,
			);
			path = Controller;
			sourceTree = "<group>";
		};
		63B21DDC2784C8C600E5DCE9 /* Router */ = {
			isa = PBXGroup;
			children = (
				63B21DE12784CB3500E5DCE9 /* TabBarController.swift */,
				63B21DE72784D69800E5DCE9 /* Router.swift */,
			);
			path = Router;
			sourceTree = "<group>";
		};
		63B21DE52784D1D100E5DCE9 /* AppModules */ = {
			isa = PBXGroup;
			children = (
				63B21DD82784C85C00E5DCE9 /* CoreDada */,
				63B21DD92784C86C00E5DCE9 /* View */,
				63B21DDA2784C88200E5DCE9 /* Controller */,
				636CE24F278508A200BB5664 /* ViewModel */,
				63B21DDC2784C8C600E5DCE9 /* Router */,
			);
			path = AppModules;
			sourceTree = "<group>";
		};
		63B21DE62784D23D00E5DCE9 /* Helpers */ = {
			isa = PBXGroup;
			children = (
				63B21DEC2784D70F00E5DCE9 /* UIColor-ext.swift */,
				63B21DEE2784DB9200E5DCE9 /* UIView-autolayout.swift */,
				63B21DFA2784E3DA00E5DCE9 /* UIView-ext.swift */,
				63B21E002784FB8A00E5DCE9 /* ScreenSize.swift */,
				630582C327862A180044399A /* CellId.swift */,
			);
			path = Helpers;
			sourceTree = "<group>";
		};
		63B21DF42784DE6400E5DCE9 /* Universal */ = {
			isa = PBXGroup;
			children = (
				63B21DF02784DC3B00E5DCE9 /* FPLabel.swift */,
				63B21DF82784DFD700E5DCE9 /* FPBackground.swift */,
				63B21DF22784DD2700E5DCE9 /* FPTextField.swift */,
				63B21DFC2784E71A00E5DCE9 /* FPButton.swift */,
				636CE25727851D2900BB5664 /* FPWeekButton.swift */,
			);
			path = Universal;
			sourceTree = "<group>";
		};
		63B21DF52784DE7200E5DCE9 /* Container Views */ = {
			isa = PBXGroup;
			children = (
				63B21DF62784DF7D00E5DCE9 /* InputContainerView.swift */,
				63B21DFE2784F00600E5DCE9 /* NextWorkoutCard.swift */,
				636CE25527851C1300BB5664 /* WorkoutCardView.swift */,
			);
			path = "Container Views";
			sourceTree = "<group>";
		};
		708B87A3BFAE443449752F82 /* Frameworks */ = {
			isa = PBXGroup;
			children = (
				095E14D88B41FD316F26C005 /* Pods_FitPlanner.framework */,
			);
			name = Frameworks;
			sourceTree = "<group>";
		};
		EE071AD32DD3645E3329E426 /* Pods */ = {
			isa = PBXGroup;
			children = (
				800B54CB5EBAA63B1536A4A6 /* Pods-FitPlanner.debug.xcconfig */,
				51EAFFE8186BBC32A3F45494 /* Pods-FitPlanner.release.xcconfig */,
			);
			path = Pods;
			sourceTree = "<group>";
		};
/* End PBXGroup section */

/* Begin PBXNativeTarget section */
		63B21D9F2784C5D800E5DCE9 /* FitPlanner */ = {
			isa = PBXNativeTarget;
			buildConfigurationList = 63B21DCD2784C5DB00E5DCE9 /* Build configuration list for PBXNativeTarget "FitPlanner" */;
			buildPhases = (
				2EA49B6082A3ABA6CDE65CA0 /* [CP] Check Pods Manifest.lock */,
				63B21D9C2784C5D800E5DCE9 /* Sources */,
				63B21D9D2784C5D800E5DCE9 /* Frameworks */,
				63B21D9E2784C5D800E5DCE9 /* Resources */,
				4F96CC5FA31D7C2FDF91B77E /* [CP] Embed Pods Frameworks */,
			);
			buildRules = (
			);
			dependencies = (
			);
			name = FitPlanner;
			productName = FitPlanner;
			productReference = 63B21DA02784C5D800E5DCE9 /* FitPlanner.app */;
			productType = "com.apple.product-type.application";
		};
		63B21DB82784C5DB00E5DCE9 /* FitPlannerTests */ = {
			isa = PBXNativeTarget;
			buildConfigurationList = 63B21DD02784C5DB00E5DCE9 /* Build configuration list for PBXNativeTarget "FitPlannerTests" */;
			buildPhases = (
				63B21DB52784C5DB00E5DCE9 /* Sources */,
				63B21DB62784C5DB00E5DCE9 /* Frameworks */,
				63B21DB72784C5DB00E5DCE9 /* Resources */,
			);
			buildRules = (
			);
			dependencies = (
				63B21DBB2784C5DB00E5DCE9 /* PBXTargetDependency */,
			);
			name = FitPlannerTests;
			productName = FitPlannerTests;
			productReference = 63B21DB92784C5DB00E5DCE9 /* FitPlannerTests.xctest */;
			productType = "com.apple.product-type.bundle.unit-test";
		};
		63B21DC22784C5DB00E5DCE9 /* FitPlannerUITests */ = {
			isa = PBXNativeTarget;
			buildConfigurationList = 63B21DD32784C5DB00E5DCE9 /* Build configuration list for PBXNativeTarget "FitPlannerUITests" */;
			buildPhases = (
				63B21DBF2784C5DB00E5DCE9 /* Sources */,
				63B21DC02784C5DB00E5DCE9 /* Frameworks */,
				63B21DC12784C5DB00E5DCE9 /* Resources */,
			);
			buildRules = (
			);
			dependencies = (
				63B21DC52784C5DB00E5DCE9 /* PBXTargetDependency */,
			);
			name = FitPlannerUITests;
			productName = FitPlannerUITests;
			productReference = 63B21DC32784C5DB00E5DCE9 /* FitPlannerUITests.xctest */;
			productType = "com.apple.product-type.bundle.ui-testing";
		};
/* End PBXNativeTarget section */

/* Begin PBXProject section */
		63B21D982784C5D800E5DCE9 /* Project object */ = {
			isa = PBXProject;
			attributes = {
				BuildIndependentTargetsInParallel = 1;
				LastSwiftUpdateCheck = 1310;
				LastUpgradeCheck = 1310;
				TargetAttributes = {
					63B21D9F2784C5D800E5DCE9 = {
						CreatedOnToolsVersion = 13.1;
					};
					63B21DB82784C5DB00E5DCE9 = {
						CreatedOnToolsVersion = 13.1;
						TestTargetID = 63B21D9F2784C5D800E5DCE9;
					};
					63B21DC22784C5DB00E5DCE9 = {
						CreatedOnToolsVersion = 13.1;
						TestTargetID = 63B21D9F2784C5D800E5DCE9;
					};
				};
			};
			buildConfigurationList = 63B21D9B2784C5D800E5DCE9 /* Build configuration list for PBXProject "FitPlanner" */;
			compatibilityVersion = "Xcode 13.0";
			developmentRegion = en;
			hasScannedForEncodings = 0;
			knownRegions = (
				en,
				Base,
			);
			mainGroup = 63B21D972784C5D800E5DCE9;
			productRefGroup = 63B21DA12784C5D800E5DCE9 /* Products */;
			projectDirPath = "";
			projectRoot = "";
			targets = (
				63B21D9F2784C5D800E5DCE9 /* FitPlanner */,
				63B21DB82784C5DB00E5DCE9 /* FitPlannerTests */,
				63B21DC22784C5DB00E5DCE9 /* FitPlannerUITests */,
			);
		};
/* End PBXProject section */

/* Begin PBXResourcesBuildPhase section */
		63B21D9E2784C5D800E5DCE9 /* Resources */ = {
			isa = PBXResourcesBuildPhase;
			buildActionMask = 2147483647;
			files = (
				63B21DB32784C5DA00E5DCE9 /* LaunchScreen.storyboard in Resources */,
				63B21DB02784C5DA00E5DCE9 /* Assets.xcassets in Resources */,
			);
			runOnlyForDeploymentPostprocessing = 0;
		};
		63B21DB72784C5DB00E5DCE9 /* Resources */ = {
			isa = PBXResourcesBuildPhase;
			buildActionMask = 2147483647;
			files = (
			);
			runOnlyForDeploymentPostprocessing = 0;
		};
		63B21DC12784C5DB00E5DCE9 /* Resources */ = {
			isa = PBXResourcesBuildPhase;
			buildActionMask = 2147483647;
			files = (
			);
			runOnlyForDeploymentPostprocessing = 0;
		};
/* End PBXResourcesBuildPhase section */

/* Begin PBXShellScriptBuildPhase section */
		2EA49B6082A3ABA6CDE65CA0 /* [CP] Check Pods Manifest.lock */ = {
			isa = PBXShellScriptBuildPhase;
			buildActionMask = 2147483647;
			files = (
			);
			inputFileListPaths = (
			);
			inputPaths = (
				"${PODS_PODFILE_DIR_PATH}/Podfile.lock",
				"${PODS_ROOT}/Manifest.lock",
			);
			name = "[CP] Check Pods Manifest.lock";
			outputFileListPaths = (
			);
			outputPaths = (
				"$(DERIVED_FILE_DIR)/Pods-FitPlanner-checkManifestLockResult.txt",
			);
			runOnlyForDeploymentPostprocessing = 0;
			shellPath = /bin/sh;
			shellScript = "diff \"${PODS_PODFILE_DIR_PATH}/Podfile.lock\" \"${PODS_ROOT}/Manifest.lock\" > /dev/null\nif [ $? != 0 ] ; then\n    # print error to STDERR\n    echo \"error: The sandbox is not in sync with the Podfile.lock. Run 'pod install' or update your CocoaPods installation.\" >&2\n    exit 1\nfi\n# This output is used by Xcode 'outputs' to avoid re-running this script phase.\necho \"SUCCESS\" > \"${SCRIPT_OUTPUT_FILE_0}\"\n";
			showEnvVarsInLog = 0;
		};
		4F96CC5FA31D7C2FDF91B77E /* [CP] Embed Pods Frameworks */ = {
			isa = PBXShellScriptBuildPhase;
			buildActionMask = 2147483647;
			files = (
			);
			inputFileListPaths = (
				"${PODS_ROOT}/Target Support Files/Pods-FitPlanner/Pods-FitPlanner-frameworks-${CONFIGURATION}-input-files.xcfilelist",
			);
			name = "[CP] Embed Pods Frameworks";
			outputFileListPaths = (
				"${PODS_ROOT}/Target Support Files/Pods-FitPlanner/Pods-FitPlanner-frameworks-${CONFIGURATION}-output-files.xcfilelist",
			);
			runOnlyForDeploymentPostprocessing = 0;
			shellPath = /bin/sh;
			shellScript = "\"${PODS_ROOT}/Target Support Files/Pods-FitPlanner/Pods-FitPlanner-frameworks.sh\"\n";
			showEnvVarsInLog = 0;
		};
/* End PBXShellScriptBuildPhase section */

/* Begin PBXSourcesBuildPhase section */
		63B21D9C2784C5D800E5DCE9 /* Sources */ = {
			isa = PBXSourcesBuildPhase;
			buildActionMask = 2147483647;
			files = (
				63B21DFB2784E3DA00E5DCE9 /* UIView-ext.swift in Sources */,
				63B21DA82784C5D800E5DCE9 /* HomeVC.swift in Sources */,
				63B21DA42784C5D800E5DCE9 /* AppDelegate.swift in Sources */,
				63B21DAE2784C5D800E5DCE9 /* FitPlanner.xcdatamodeld in Sources */,
				636CE25627851C1300BB5664 /* WorkoutCardView.swift in Sources */,
				63B21DF92784DFD700E5DCE9 /* FPBackground.swift in Sources */,
				63B21DE02784C98D00E5DCE9 /* CoreDataStack.swift in Sources */,
				630582C427862A180044399A /* CellId.swift in Sources */,
				63B21DFF2784F00600E5DCE9 /* NextWorkoutCard.swift in Sources */,
				63B21DF72784DF7D00E5DCE9 /* InputContainerView.swift in Sources */,
				630582C227861D740044399A /* WorkoutLogVM.swift in Sources */,
				63B21DED2784D70F00E5DCE9 /* UIColor-ext.swift in Sources */,
				63B21DE82784D69800E5DCE9 /* Router.swift in Sources */,
				636CE25827851D2900BB5664 /* FPWeekButton.swift in Sources */,
				63B21E012784FB8A00E5DCE9 /* ScreenSize.swift in Sources */,
				63B21DEA2784D6BE00E5DCE9 /* GetStartedVC.swift in Sources */,
				63B21DEF2784DB9200E5DCE9 /* UIView-autolayout.swift in Sources */,
				63B21DE42784CC5500E5DCE9 /* ProfileVC.swift in Sources */,
				636CE254278509B700BB5664 /* LargeCalendarView.swift in Sources */,
				63B21DE22784CB3500E5DCE9 /* TabBarController.swift in Sources */,
				63B21DF12784DC3B00E5DCE9 /* FPLabel.swift in Sources */,
				630582CD27865FE00044399A /* ExerciseTableViewCell.swift in Sources */,
				630582C6278632CD0044399A /* WorkoutPlanVC.swift in Sources */,
				630582C027861CC20044399A /* WorkoutCardTableViewCell.swift in Sources */,
				63B21DDE2784C92C00E5DCE9 /* WorkoutLogVC.swift in Sources */,
				63B21DA62784C5D800E5DCE9 /* SceneDelegate.swift in Sources */,
				63B21DF32784DD2700E5DCE9 /* FPTextField.swift in Sources */,
				630582CA278649590044399A /* HomeVM.swift in Sources */,
				63B21DFD2784E71A00E5DCE9 /* FPButton.swift in Sources */,
				636CE251278508C400BB5664 /* WorkoutCardVM.swift in Sources */,
			);
			runOnlyForDeploymentPostprocessing = 0;
		};
		63B21DB52784C5DB00E5DCE9 /* Sources */ = {
			isa = PBXSourcesBuildPhase;
			buildActionMask = 2147483647;
			files = (
				63B21DBE2784C5DB00E5DCE9 /* FitPlannerTests.swift in Sources */,
			);
			runOnlyForDeploymentPostprocessing = 0;
		};
		63B21DBF2784C5DB00E5DCE9 /* Sources */ = {
			isa = PBXSourcesBuildPhase;
			buildActionMask = 2147483647;
			files = (
				63B21DC82784C5DB00E5DCE9 /* FitPlannerUITests.swift in Sources */,
				63B21DCA2784C5DB00E5DCE9 /* FitPlannerUITestsLaunchTests.swift in Sources */,
			);
			runOnlyForDeploymentPostprocessing = 0;
		};
/* End PBXSourcesBuildPhase section */

/* Begin PBXTargetDependency section */
		63B21DBB2784C5DB00E5DCE9 /* PBXTargetDependency */ = {
			isa = PBXTargetDependency;
			target = 63B21D9F2784C5D800E5DCE9 /* FitPlanner */;
			targetProxy = 63B21DBA2784C5DB00E5DCE9 /* PBXContainerItemProxy */;
		};
		63B21DC52784C5DB00E5DCE9 /* PBXTargetDependency */ = {
			isa = PBXTargetDependency;
			target = 63B21D9F2784C5D800E5DCE9 /* FitPlanner */;
			targetProxy = 63B21DC42784C5DB00E5DCE9 /* PBXContainerItemProxy */;
		};
/* End PBXTargetDependency section */

/* Begin PBXVariantGroup section */
		63B21DB12784C5DA00E5DCE9 /* LaunchScreen.storyboard */ = {
			isa = PBXVariantGroup;
			children = (
				63B21DB22784C5DA00E5DCE9 /* Base */,
			);
			name = LaunchScreen.storyboard;
			sourceTree = "<group>";
		};
/* End PBXVariantGroup section */

/* Begin XCBuildConfiguration section */
		63B21DCB2784C5DB00E5DCE9 /* Debug */ = {
			isa = XCBuildConfiguration;
			buildSettings = {
				ALWAYS_SEARCH_USER_PATHS = NO;
				CLANG_ANALYZER_NONNULL = YES;
				CLANG_ANALYZER_NUMBER_OBJECT_CONVERSION = YES_AGGRESSIVE;
				CLANG_CXX_LANGUAGE_STANDARD = "gnu++17";
				CLANG_CXX_LIBRARY = "libc++";
				CLANG_ENABLE_MODULES = YES;
				CLANG_ENABLE_OBJC_ARC = YES;
				CLANG_ENABLE_OBJC_WEAK = YES;
				CLANG_WARN_BLOCK_CAPTURE_AUTORELEASING = YES;
				CLANG_WARN_BOOL_CONVERSION = YES;
				CLANG_WARN_COMMA = YES;
				CLANG_WARN_CONSTANT_CONVERSION = YES;
				CLANG_WARN_DEPRECATED_OBJC_IMPLEMENTATIONS = YES;
				CLANG_WARN_DIRECT_OBJC_ISA_USAGE = YES_ERROR;
				CLANG_WARN_DOCUMENTATION_COMMENTS = YES;
				CLANG_WARN_EMPTY_BODY = YES;
				CLANG_WARN_ENUM_CONVERSION = YES;
				CLANG_WARN_INFINITE_RECURSION = YES;
				CLANG_WARN_INT_CONVERSION = YES;
				CLANG_WARN_NON_LITERAL_NULL_CONVERSION = YES;
				CLANG_WARN_OBJC_IMPLICIT_RETAIN_SELF = YES;
				CLANG_WARN_OBJC_LITERAL_CONVERSION = YES;
				CLANG_WARN_OBJC_ROOT_CLASS = YES_ERROR;
				CLANG_WARN_QUOTED_INCLUDE_IN_FRAMEWORK_HEADER = YES;
				CLANG_WARN_RANGE_LOOP_ANALYSIS = YES;
				CLANG_WARN_STRICT_PROTOTYPES = YES;
				CLANG_WARN_SUSPICIOUS_MOVE = YES;
				CLANG_WARN_UNGUARDED_AVAILABILITY = YES_AGGRESSIVE;
				CLANG_WARN_UNREACHABLE_CODE = YES;
				CLANG_WARN__DUPLICATE_METHOD_MATCH = YES;
				COPY_PHASE_STRIP = NO;
				DEBUG_INFORMATION_FORMAT = dwarf;
				ENABLE_STRICT_OBJC_MSGSEND = YES;
				ENABLE_TESTABILITY = YES;
				GCC_C_LANGUAGE_STANDARD = gnu11;
				GCC_DYNAMIC_NO_PIC = NO;
				GCC_NO_COMMON_BLOCKS = YES;
				GCC_OPTIMIZATION_LEVEL = 0;
				GCC_PREPROCESSOR_DEFINITIONS = (
					"DEBUG=1",
					"$(inherited)",
				);
				GCC_WARN_64_TO_32_BIT_CONVERSION = YES;
				GCC_WARN_ABOUT_RETURN_TYPE = YES_ERROR;
				GCC_WARN_UNDECLARED_SELECTOR = YES;
				GCC_WARN_UNINITIALIZED_AUTOS = YES_AGGRESSIVE;
				GCC_WARN_UNUSED_FUNCTION = YES;
				GCC_WARN_UNUSED_VARIABLE = YES;
				IPHONEOS_DEPLOYMENT_TARGET = 15.0;
				MTL_ENABLE_DEBUG_INFO = INCLUDE_SOURCE;
				MTL_FAST_MATH = YES;
				ONLY_ACTIVE_ARCH = YES;
				SDKROOT = iphoneos;
				SWIFT_ACTIVE_COMPILATION_CONDITIONS = DEBUG;
				SWIFT_OPTIMIZATION_LEVEL = "-Onone";
			};
			name = Debug;
		};
		63B21DCC2784C5DB00E5DCE9 /* Release */ = {
			isa = XCBuildConfiguration;
			buildSettings = {
				ALWAYS_SEARCH_USER_PATHS = NO;
				CLANG_ANALYZER_NONNULL = YES;
				CLANG_ANALYZER_NUMBER_OBJECT_CONVERSION = YES_AGGRESSIVE;
				CLANG_CXX_LANGUAGE_STANDARD = "gnu++17";
				CLANG_CXX_LIBRARY = "libc++";
				CLANG_ENABLE_MODULES = YES;
				CLANG_ENABLE_OBJC_ARC = YES;
				CLANG_ENABLE_OBJC_WEAK = YES;
				CLANG_WARN_BLOCK_CAPTURE_AUTORELEASING = YES;
				CLANG_WARN_BOOL_CONVERSION = YES;
				CLANG_WARN_COMMA = YES;
				CLANG_WARN_CONSTANT_CONVERSION = YES;
				CLANG_WARN_DEPRECATED_OBJC_IMPLEMENTATIONS = YES;
				CLANG_WARN_DIRECT_OBJC_ISA_USAGE = YES_ERROR;
				CLANG_WARN_DOCUMENTATION_COMMENTS = YES;
				CLANG_WARN_EMPTY_BODY = YES;
				CLANG_WARN_ENUM_CONVERSION = YES;
				CLANG_WARN_INFINITE_RECURSION = YES;
				CLANG_WARN_INT_CONVERSION = YES;
				CLANG_WARN_NON_LITERAL_NULL_CONVERSION = YES;
				CLANG_WARN_OBJC_IMPLICIT_RETAIN_SELF = YES;
				CLANG_WARN_OBJC_LITERAL_CONVERSION = YES;
				CLANG_WARN_OBJC_ROOT_CLASS = YES_ERROR;
				CLANG_WARN_QUOTED_INCLUDE_IN_FRAMEWORK_HEADER = YES;
				CLANG_WARN_RANGE_LOOP_ANALYSIS = YES;
				CLANG_WARN_STRICT_PROTOTYPES = YES;
				CLANG_WARN_SUSPICIOUS_MOVE = YES;
				CLANG_WARN_UNGUARDED_AVAILABILITY = YES_AGGRESSIVE;
				CLANG_WARN_UNREACHABLE_CODE = YES;
				CLANG_WARN__DUPLICATE_METHOD_MATCH = YES;
				COPY_PHASE_STRIP = NO;
				DEBUG_INFORMATION_FORMAT = "dwarf-with-dsym";
				ENABLE_NS_ASSERTIONS = NO;
				ENABLE_STRICT_OBJC_MSGSEND = YES;
				GCC_C_LANGUAGE_STANDARD = gnu11;
				GCC_NO_COMMON_BLOCKS = YES;
				GCC_WARN_64_TO_32_BIT_CONVERSION = YES;
				GCC_WARN_ABOUT_RETURN_TYPE = YES_ERROR;
				GCC_WARN_UNDECLARED_SELECTOR = YES;
				GCC_WARN_UNINITIALIZED_AUTOS = YES_AGGRESSIVE;
				GCC_WARN_UNUSED_FUNCTION = YES;
				GCC_WARN_UNUSED_VARIABLE = YES;
				IPHONEOS_DEPLOYMENT_TARGET = 15.0;
				MTL_ENABLE_DEBUG_INFO = NO;
				MTL_FAST_MATH = YES;
				SDKROOT = iphoneos;
				SWIFT_COMPILATION_MODE = wholemodule;
				SWIFT_OPTIMIZATION_LEVEL = "-O";
				VALIDATE_PRODUCT = YES;
			};
			name = Release;
		};
		63B21DCE2784C5DB00E5DCE9 /* Debug */ = {
			isa = XCBuildConfiguration;
			baseConfigurationReference = 800B54CB5EBAA63B1536A4A6 /* Pods-FitPlanner.debug.xcconfig */;
			buildSettings = {
				ASSETCATALOG_COMPILER_APPICON_NAME = AppIcon;
				ASSETCATALOG_COMPILER_GLOBAL_ACCENT_COLOR_NAME = AccentColor;
				CODE_SIGN_STYLE = Automatic;
				CURRENT_PROJECT_VERSION = 1;
				DEVELOPMENT_TEAM = BS4YM2JJ65;
				GENERATE_INFOPLIST_FILE = YES;
				INFOPLIST_FILE = FitPlanner/Resources/Info.plist;
				INFOPLIST_KEY_UIApplicationSupportsIndirectInputEvents = YES;
				INFOPLIST_KEY_UILaunchStoryboardName = LaunchScreen;
				INFOPLIST_KEY_UISupportedInterfaceOrientations_iPad = "UIInterfaceOrientationPortrait UIInterfaceOrientationPortraitUpsideDown UIInterfaceOrientationLandscapeLeft UIInterfaceOrientationLandscapeRight";
				INFOPLIST_KEY_UISupportedInterfaceOrientations_iPhone = "UIInterfaceOrientationPortrait UIInterfaceOrientationLandscapeLeft UIInterfaceOrientationLandscapeRight";
				LD_RUNPATH_SEARCH_PATHS = (
					"$(inherited)",
					"@executable_path/Frameworks",
				);
				MARKETING_VERSION = 1.0;
				PRODUCT_BUNDLE_IDENTIFIER = "Alberto-Dominguez.FitPlanner";
				PRODUCT_NAME = "$(TARGET_NAME)";
				SWIFT_EMIT_LOC_STRINGS = YES;
				SWIFT_VERSION = 5.0;
				TARGETED_DEVICE_FAMILY = "1,2";
			};
			name = Debug;
		};
		63B21DCF2784C5DB00E5DCE9 /* Release */ = {
			isa = XCBuildConfiguration;
			baseConfigurationReference = 51EAFFE8186BBC32A3F45494 /* Pods-FitPlanner.release.xcconfig */;
			buildSettings = {
				ASSETCATALOG_COMPILER_APPICON_NAME = AppIcon;
				ASSETCATALOG_COMPILER_GLOBAL_ACCENT_COLOR_NAME = AccentColor;
				CODE_SIGN_STYLE = Automatic;
				CURRENT_PROJECT_VERSION = 1;
				DEVELOPMENT_TEAM = BS4YM2JJ65;
				GENERATE_INFOPLIST_FILE = YES;
				INFOPLIST_FILE = FitPlanner/Resources/Info.plist;
				INFOPLIST_KEY_UIApplicationSupportsIndirectInputEvents = YES;
				INFOPLIST_KEY_UILaunchStoryboardName = LaunchScreen;
				INFOPLIST_KEY_UISupportedInterfaceOrientations_iPad = "UIInterfaceOrientationPortrait UIInterfaceOrientationPortraitUpsideDown UIInterfaceOrientationLandscapeLeft UIInterfaceOrientationLandscapeRight";
				INFOPLIST_KEY_UISupportedInterfaceOrientations_iPhone = "UIInterfaceOrientationPortrait UIInterfaceOrientationLandscapeLeft UIInterfaceOrientationLandscapeRight";
				LD_RUNPATH_SEARCH_PATHS = (
					"$(inherited)",
					"@executable_path/Frameworks",
				);
				MARKETING_VERSION = 1.0;
				PRODUCT_BUNDLE_IDENTIFIER = "Alberto-Dominguez.FitPlanner";
				PRODUCT_NAME = "$(TARGET_NAME)";
				SWIFT_EMIT_LOC_STRINGS = YES;
				SWIFT_VERSION = 5.0;
				TARGETED_DEVICE_FAMILY = "1,2";
			};
			name = Release;
		};
		63B21DD12784C5DB00E5DCE9 /* Debug */ = {
			isa = XCBuildConfiguration;
			buildSettings = {
				ALWAYS_EMBED_SWIFT_STANDARD_LIBRARIES = YES;
				BUNDLE_LOADER = "$(TEST_HOST)";
				CODE_SIGN_STYLE = Automatic;
				CURRENT_PROJECT_VERSION = 1;
				DEVELOPMENT_TEAM = BS4YM2JJ65;
				GENERATE_INFOPLIST_FILE = YES;
				IPHONEOS_DEPLOYMENT_TARGET = 15.0;
				LD_RUNPATH_SEARCH_PATHS = (
					"$(inherited)",
					"@executable_path/Frameworks",
					"@loader_path/Frameworks",
				);
				MARKETING_VERSION = 1.0;
				PRODUCT_BUNDLE_IDENTIFIER = "Alberto-Dominguez.FitPlannerTests";
				PRODUCT_NAME = "$(TARGET_NAME)";
				SWIFT_EMIT_LOC_STRINGS = NO;
				SWIFT_VERSION = 5.0;
				TARGETED_DEVICE_FAMILY = "1,2";
				TEST_HOST = "$(BUILT_PRODUCTS_DIR)/FitPlanner.app/FitPlanner";
			};
			name = Debug;
		};
		63B21DD22784C5DB00E5DCE9 /* Release */ = {
			isa = XCBuildConfiguration;
			buildSettings = {
				ALWAYS_EMBED_SWIFT_STANDARD_LIBRARIES = YES;
				BUNDLE_LOADER = "$(TEST_HOST)";
				CODE_SIGN_STYLE = Automatic;
				CURRENT_PROJECT_VERSION = 1;
				DEVELOPMENT_TEAM = BS4YM2JJ65;
				GENERATE_INFOPLIST_FILE = YES;
				IPHONEOS_DEPLOYMENT_TARGET = 15.0;
				LD_RUNPATH_SEARCH_PATHS = (
					"$(inherited)",
					"@executable_path/Frameworks",
					"@loader_path/Frameworks",
				);
				MARKETING_VERSION = 1.0;
				PRODUCT_BUNDLE_IDENTIFIER = "Alberto-Dominguez.FitPlannerTests";
				PRODUCT_NAME = "$(TARGET_NAME)";
				SWIFT_EMIT_LOC_STRINGS = NO;
				SWIFT_VERSION = 5.0;
				TARGETED_DEVICE_FAMILY = "1,2";
				TEST_HOST = "$(BUILT_PRODUCTS_DIR)/FitPlanner.app/FitPlanner";
			};
			name = Release;
		};
		63B21DD42784C5DB00E5DCE9 /* Debug */ = {
			isa = XCBuildConfiguration;
			buildSettings = {
				ALWAYS_EMBED_SWIFT_STANDARD_LIBRARIES = YES;
				CODE_SIGN_STYLE = Automatic;
				CURRENT_PROJECT_VERSION = 1;
				DEVELOPMENT_TEAM = BS4YM2JJ65;
				GENERATE_INFOPLIST_FILE = YES;
				LD_RUNPATH_SEARCH_PATHS = (
					"$(inherited)",
					"@executable_path/Frameworks",
					"@loader_path/Frameworks",
				);
				MARKETING_VERSION = 1.0;
				PRODUCT_BUNDLE_IDENTIFIER = "Alberto-Dominguez.FitPlannerUITests";
				PRODUCT_NAME = "$(TARGET_NAME)";
				SWIFT_EMIT_LOC_STRINGS = NO;
				SWIFT_VERSION = 5.0;
				TARGETED_DEVICE_FAMILY = "1,2";
				TEST_TARGET_NAME = FitPlanner;
			};
			name = Debug;
		};
		63B21DD52784C5DB00E5DCE9 /* Release */ = {
			isa = XCBuildConfiguration;
			buildSettings = {
				ALWAYS_EMBED_SWIFT_STANDARD_LIBRARIES = YES;
				CODE_SIGN_STYLE = Automatic;
				CURRENT_PROJECT_VERSION = 1;
				DEVELOPMENT_TEAM = BS4YM2JJ65;
				GENERATE_INFOPLIST_FILE = YES;
				LD_RUNPATH_SEARCH_PATHS = (
					"$(inherited)",
					"@executable_path/Frameworks",
					"@loader_path/Frameworks",
				);
				MARKETING_VERSION = 1.0;
				PRODUCT_BUNDLE_IDENTIFIER = "Alberto-Dominguez.FitPlannerUITests";
				PRODUCT_NAME = "$(TARGET_NAME)";
				SWIFT_EMIT_LOC_STRINGS = NO;
				SWIFT_VERSION = 5.0;
				TARGETED_DEVICE_FAMILY = "1,2";
				TEST_TARGET_NAME = FitPlanner;
			};
			name = Release;
		};
/* End XCBuildConfiguration section */

/* Begin XCConfigurationList section */
		63B21D9B2784C5D800E5DCE9 /* Build configuration list for PBXProject "FitPlanner" */ = {
			isa = XCConfigurationList;
			buildConfigurations = (
				63B21DCB2784C5DB00E5DCE9 /* Debug */,
				63B21DCC2784C5DB00E5DCE9 /* Release */,
			);
			defaultConfigurationIsVisible = 0;
			defaultConfigurationName = Release;
		};
		63B21DCD2784C5DB00E5DCE9 /* Build configuration list for PBXNativeTarget "FitPlanner" */ = {
			isa = XCConfigurationList;
			buildConfigurations = (
				63B21DCE2784C5DB00E5DCE9 /* Debug */,
				63B21DCF2784C5DB00E5DCE9 /* Release */,
			);
			defaultConfigurationIsVisible = 0;
			defaultConfigurationName = Release;
		};
		63B21DD02784C5DB00E5DCE9 /* Build configuration list for PBXNativeTarget "FitPlannerTests" */ = {
			isa = XCConfigurationList;
			buildConfigurations = (
				63B21DD12784C5DB00E5DCE9 /* Debug */,
				63B21DD22784C5DB00E5DCE9 /* Release */,
			);
			defaultConfigurationIsVisible = 0;
			defaultConfigurationName = Release;
		};
		63B21DD32784C5DB00E5DCE9 /* Build configuration list for PBXNativeTarget "FitPlannerUITests" */ = {
			isa = XCConfigurationList;
			buildConfigurations = (
				63B21DD42784C5DB00E5DCE9 /* Debug */,
				63B21DD52784C5DB00E5DCE9 /* Release */,
			);
			defaultConfigurationIsVisible = 0;
			defaultConfigurationName = Release;
		};
/* End XCConfigurationList section */

/* Begin XCVersionGroup section */
		63B21DAC2784C5D800E5DCE9 /* FitPlanner.xcdatamodeld */ = {
			isa = XCVersionGroup;
			children = (
				63B21DAD2784C5D800E5DCE9 /* FitPlanner.xcdatamodel */,
			);
			currentVersion = 63B21DAD2784C5D800E5DCE9 /* FitPlanner.xcdatamodel */;
			path = FitPlanner.xcdatamodeld;
			sourceTree = "<group>";
			versionGroupType = wrapper.xcdatamodel;
		};
/* End XCVersionGroup section */
	};
	rootObject = 63B21D982784C5D800E5DCE9 /* Project object */;
}
